
Microsoft Visual Studio Solution File, Format Version 12.00
# Visual Studio Version 16
VisualStudioVersion = 16.0.29613.14
MinimumVisualStudioVersion = 10.0.40219.1
Project("{FAE04EC0-301F-11D3-BF4B-00C04F79EFBC}") = "GrantSearchDeploymentTest", "GrantSearchDeploymentTest\GrantSearchDeploymentTest.csproj", "{F56C2CA9-19BA-4017-95DA-F1F6607EE9AD}"
EndProject
Global
	GlobalSection(SolutionConfigurationPlatforms) = preSolution
		Debug|Any CPU = Debug|Any CPU
		Release|Any CPU = Release|Any CPU
	EndGlobalSection
	GlobalSection(ProjectConfigurationPlatforms) = postSolution
		{F56C2CA9-19BA-4017-95DA-F1F6607EE9AD}.Debug|Any CPU.ActiveCfg = Debug|Any CPU
		{F56C2CA9-19BA-4017-95DA-F1F6607EE9AD}.Debug|Any CPU.Build.0 = Debug|Any CPU
		{F56C2CA9-19BA-4017-95DA-F1F6607EE9AD}.Release|Any CPU.ActiveCfg = Release|Any CPU
		{F56C2CA9-19BA-4017-95DA-F1F6607EE9AD}.Release|Any CPU.Build.0 = Release|Any CPU
	EndGlobalSection
	GlobalSection(SolutionProperties) = preSolution
		HideSolutionNode = FALSE
	EndGlobalSection
	GlobalSection(ExtensibilityGlobals) = postSolution
		SolutionGuid = {FBA0A5DD-F353-41CC-B393-383FCC92CE11}
	EndGlobalSection
EndGlobal
